
Microsoft Visual Studio Solution File, Format Version 12.00
# Visual Studio Version 17
VisualStudioVersion = 17.5.33502.453
MinimumVisualStudioVersion = 10.0.40219.1
Project("{9A19103F-16F7-4668-BE54-9A1E7A4F7556}") = "Client", "Client\Client.csproj", "{40F772CF-D7E8-48D1-8D92-305824D7460F}"
EndProject
Project("{9A19103F-16F7-4668-BE54-9A1E7A4F7556}") = "Application", "Application\Application.csproj", "{333D2034-FC40-433F-83E7-48619D33FFE2}"
EndProject
Project("{9A19103F-16F7-4668-BE54-9A1E7A4F7556}") = "Domain", "Domain\Domain.csproj", "{48F8F3A7-07F4-41E7-AC75-3E0EAA6F5DFC}"
EndProject
Project("{9A19103F-16F7-4668-BE54-9A1E7A4F7556}") = "Infrastructure", "Infrastructure\Infrastructure.csproj", "{80DCF73B-730B-44E4-AEF3-F9CCEA4A5363}"
EndProject
Project("{9A19103F-16F7-4668-BE54-9A1E7A4F7556}") = "Persistence", "Persistence\Persistence.csproj", "{4D096B09-D1C4-4C4B-AFED-5D3159070927}"
EndProject
Project("{9A19103F-16F7-4668-BE54-9A1E7A4F7556}") = "WebAPI", "WebAPI\WebAPI.csproj", "{57B9F328-182D-499A-8DA3-EB11E67B8AB1}"
EndProject
Project("{2150E333-8FDC-42A3-9474-1A3956D46DE8}") = "Frontends", "Frontends", "{4872E514-B2E2-4BA4-909F-51C986C658F4}"
EndProject
Project("{2150E333-8FDC-42A3-9474-1A3956D46DE8}") = "Angular", "Angular", "{94D64E9F-FFCC-442F-8C44-DE4B46624354}"
EndProject
Project("{2150E333-8FDC-42A3-9474-1A3956D46DE8}") = "React", "React", "{9FF89CD9-4193-4AB3-B3C5-52B6B7C7D004}"
EndProject
Project("{2150E333-8FDC-42A3-9474-1A3956D46DE8}") = "Vue", "Vue", "{261D4506-9631-4FB7-9D1A-FA3CCB7D0B0A}"
EndProject
Project("{2150E333-8FDC-42A3-9474-1A3956D46DE8}") = "MAUI", "MAUI", "{A574B5B9-C894-4CD4-B81D-51F69AF6890C}"
EndProject
Project("{2150E333-8FDC-42A3-9474-1A3956D46DE8}") = "React Native", "React Native", "{02F7F958-0D6B-49E7-A088-8ED1C75C1CE8}"
EndProject
Project("{2150E333-8FDC-42A3-9474-1A3956D46DE8}") = "Blazor", "Blazor", "{5AAD2A72-976C-4AF4-B7DB-558F6F5CC11D}"
EndProject
Global
	GlobalSection(SolutionConfigurationPlatforms) = preSolution
		Debug|Any CPU = Debug|Any CPU
		Release|Any CPU = Release|Any CPU
	EndGlobalSection
	GlobalSection(ProjectConfigurationPlatforms) = postSolution
		{40F772CF-D7E8-48D1-8D92-305824D7460F}.Debug|Any CPU.ActiveCfg = Debug|Any CPU
		{40F772CF-D7E8-48D1-8D92-305824D7460F}.Debug|Any CPU.Build.0 = Debug|Any CPU
		{40F772CF-D7E8-48D1-8D92-305824D7460F}.Release|Any CPU.ActiveCfg = Release|Any CPU
		{40F772CF-D7E8-48D1-8D92-305824D7460F}.Release|Any CPU.Build.0 = Release|Any CPU
		{333D2034-FC40-433F-83E7-48619D33FFE2}.Debug|Any CPU.ActiveCfg = Debug|Any CPU
		{333D2034-FC40-433F-83E7-48619D33FFE2}.Debug|Any CPU.Build.0 = Debug|Any CPU
		{333D2034-FC40-433F-83E7-48619D33FFE2}.Release|Any CPU.ActiveCfg = Release|Any CPU
		{333D2034-FC40-433F-83E7-48619D33FFE2}.Release|Any CPU.Build.0 = Release|Any CPU
		{48F8F3A7-07F4-41E7-AC75-3E0EAA6F5DFC}.Debug|Any CPU.ActiveCfg = Debug|Any CPU
		{48F8F3A7-07F4-41E7-AC75-3E0EAA6F5DFC}.Debug|Any CPU.Build.0 = Debug|Any CPU
		{48F8F3A7-07F4-41E7-AC75-3E0EAA6F5DFC}.Release|Any CPU.ActiveCfg = Release|Any CPU
		{48F8F3A7-07F4-41E7-AC75-3E0EAA6F5DFC}.Release|Any CPU.Build.0 = Release|Any CPU
		{80DCF73B-730B-44E4-AEF3-F9CCEA4A5363}.Debug|Any CPU.ActiveCfg = Debug|Any CPU
		{80DCF73B-730B-44E4-AEF3-F9CCEA4A5363}.Debug|Any CPU.Build.0 = Debug|Any CPU
		{80DCF73B-730B-44E4-AEF3-F9CCEA4A5363}.Release|Any CPU.ActiveCfg = Release|Any CPU
		{80DCF73B-730B-44E4-AEF3-F9CCEA4A5363}.Release|Any CPU.Build.0 = Release|Any CPU
		{4D096B09-D1C4-4C4B-AFED-5D3159070927}.Debug|Any CPU.ActiveCfg = Debug|Any CPU
		{4D096B09-D1C4-4C4B-AFED-5D3159070927}.Debug|Any CPU.Build.0 = Debug|Any CPU
		{4D096B09-D1C4-4C4B-AFED-5D3159070927}.Release|Any CPU.ActiveCfg = Release|Any CPU
		{4D096B09-D1C4-4C4B-AFED-5D3159070927}.Release|Any CPU.Build.0 = Release|Any CPU
		{57B9F328-182D-499A-8DA3-EB11E67B8AB1}.Debug|Any CPU.ActiveCfg = Debug|Any CPU
		{57B9F328-182D-499A-8DA3-EB11E67B8AB1}.Debug|Any CPU.Build.0 = Debug|Any CPU
		{57B9F328-182D-499A-8DA3-EB11E67B8AB1}.Release|Any CPU.ActiveCfg = Release|Any CPU
		{57B9F328-182D-499A-8DA3-EB11E67B8AB1}.Release|Any CPU.Build.0 = Release|Any CPU
	EndGlobalSection
	GlobalSection(SolutionProperties) = preSolution
		HideSolutionNode = FALSE
	EndGlobalSection
	GlobalSection(NestedProjects) = preSolution
		{40F772CF-D7E8-48D1-8D92-305824D7460F} = {5AAD2A72-976C-4AF4-B7DB-558F6F5CC11D}
		{94D64E9F-FFCC-442F-8C44-DE4B46624354} = {4872E514-B2E2-4BA4-909F-51C986C658F4}
		{9FF89CD9-4193-4AB3-B3C5-52B6B7C7D004} = {4872E514-B2E2-4BA4-909F-51C986C658F4}
		{261D4506-9631-4FB7-9D1A-FA3CCB7D0B0A} = {4872E514-B2E2-4BA4-909F-51C986C658F4}
		{A574B5B9-C894-4CD4-B81D-51F69AF6890C} = {4872E514-B2E2-4BA4-909F-51C986C658F4}
		{02F7F958-0D6B-49E7-A088-8ED1C75C1CE8} = {4872E514-B2E2-4BA4-909F-51C986C658F4}
		{5AAD2A72-976C-4AF4-B7DB-558F6F5CC11D} = {4872E514-B2E2-4BA4-909F-51C986C658F4}
	EndGlobalSection
	GlobalSection(ExtensibilityGlobals) = postSolution
		SolutionGuid = {9D784F34-150D-4080-8D3C-E4DBC9882EC1}
	EndGlobalSection
EndGlobal
