
Microsoft Visual Studio Solution File, Format Version 12.00
# Visual Studio Version 17
VisualStudioVersion = 17.5.33502.453
MinimumVisualStudioVersion = 10.0.40219.1
Project("{9A19103F-16F7-4668-BE54-9A1E7A4F7556}") = "Client", "Client\Client.csproj", "{40F772CF-D7E8-48D1-8D92-305824D7460F}"
EndProject
Project("{9A19103F-16F7-4668-BE54-9A1E7A4F7556}") = "API", "API\API.csproj", "{1537558B-E475-47A6-9B76-79F95EE4CD07}"
EndProject
Project("{FAE04EC0-301F-11D3-BF4B-00C04F79EFBC}") = "Application", "Application\Application.csproj", "{333D2034-FC40-433F-83E7-48619D33FFE2}"
EndProject
Project("{FAE04EC0-301F-11D3-BF4B-00C04F79EFBC}") = "Domain", "Domain\Domain.csproj", "{48F8F3A7-07F4-41E7-AC75-3E0EAA6F5DFC}"
EndProject
Global
	GlobalSection(SolutionConfigurationPlatforms) = preSolution
		Debug|Any CPU = Debug|Any CPU
		Release|Any CPU = Release|Any CPU
	EndGlobalSection
	GlobalSection(ProjectConfigurationPlatforms) = postSolution
		{40F772CF-D7E8-48D1-8D92-305824D7460F}.Debug|Any CPU.ActiveCfg = Debug|Any CPU
		{40F772CF-D7E8-48D1-8D92-305824D7460F}.Debug|Any CPU.Build.0 = Debug|Any CPU
		{40F772CF-D7E8-48D1-8D92-305824D7460F}.Release|Any CPU.ActiveCfg = Release|Any CPU
		{40F772CF-D7E8-48D1-8D92-305824D7460F}.Release|Any CPU.Build.0 = Release|Any CPU
		{1537558B-E475-47A6-9B76-79F95EE4CD07}.Debug|Any CPU.ActiveCfg = Debug|Any CPU
		{1537558B-E475-47A6-9B76-79F95EE4CD07}.Debug|Any CPU.Build.0 = Debug|Any CPU
		{1537558B-E475-47A6-9B76-79F95EE4CD07}.Release|Any CPU.ActiveCfg = Release|Any CPU
		{1537558B-E475-47A6-9B76-79F95EE4CD07}.Release|Any CPU.Build.0 = Release|Any CPU
		{333D2034-FC40-433F-83E7-48619D33FFE2}.Debug|Any CPU.ActiveCfg = Debug|Any CPU
		{333D2034-FC40-433F-83E7-48619D33FFE2}.Debug|Any CPU.Build.0 = Debug|Any CPU
		{333D2034-FC40-433F-83E7-48619D33FFE2}.Release|Any CPU.ActiveCfg = Release|Any CPU
		{333D2034-FC40-433F-83E7-48619D33FFE2}.Release|Any CPU.Build.0 = Release|Any CPU
		{48F8F3A7-07F4-41E7-AC75-3E0EAA6F5DFC}.Debug|Any CPU.ActiveCfg = Debug|Any CPU
		{48F8F3A7-07F4-41E7-AC75-3E0EAA6F5DFC}.Debug|Any CPU.Build.0 = Debug|Any CPU
		{48F8F3A7-07F4-41E7-AC75-3E0EAA6F5DFC}.Release|Any CPU.ActiveCfg = Release|Any CPU
		{48F8F3A7-07F4-41E7-AC75-3E0EAA6F5DFC}.Release|Any CPU.Build.0 = Release|Any CPU
	EndGlobalSection
	GlobalSection(SolutionProperties) = preSolution
		HideSolutionNode = FALSE
	EndGlobalSection
	GlobalSection(ExtensibilityGlobals) = postSolution
		SolutionGuid = {9D784F34-150D-4080-8D3C-E4DBC9882EC1}
	EndGlobalSection
EndGlobal
